
Microsoft Visual Studio Solution File, Format Version 12.00
# Visual Studio 15
VisualStudioVersion = 15.0.28307.1831
MinimumVisualStudioVersion = 10.0.40219.1
Project("{E24C65DC-7377-472B-9ABA-BC803B73C61A}") = "MotorcycleService", "MotorcycleService\", "{9C37C73B-1E4D-449E-AB20-D622A411C961}"
	ProjectSection(WebsiteProperties) = preProject
		TargetFrameworkMoniker = ".NETFramework,Version%3Dv3.5"
		Debug.AspNetCompiler.VirtualPath = "/localhost_49708"
		Debug.AspNetCompiler.PhysicalPath = "MotorcycleService\"
		Debug.AspNetCompiler.TargetPath = "PrecompiledWeb\localhost_49708\"
		Debug.AspNetCompiler.Updateable = "true"
		Debug.AspNetCompiler.ForceOverwrite = "true"
		Debug.AspNetCompiler.FixedNames = "false"
		Debug.AspNetCompiler.Debug = "True"
		Release.AspNetCompiler.VirtualPath = "/localhost_49708"
		Release.AspNetCompiler.PhysicalPath = "MotorcycleService\"
		Release.AspNetCompiler.TargetPath = "PrecompiledWeb\localhost_49708\"
		Release.AspNetCompiler.Updateable = "true"
		Release.AspNetCompiler.ForceOverwrite = "true"
		Release.AspNetCompiler.FixedNames = "false"
		Release.AspNetCompiler.Debug = "False"
		VWDPort = "49708"
		SlnRelativePath = "MotorcycleService\"
	EndProjectSection
EndProject
Global
	GlobalSection(SolutionConfigurationPlatforms) = preSolution
		Debug|Any CPU = Debug|Any CPU
	EndGlobalSection
	GlobalSection(ProjectConfigurationPlatforms) = postSolution
		{9C37C73B-1E4D-449E-AB20-D622A411C961}.Debug|Any CPU.ActiveCfg = Debug|Any CPU
		{9C37C73B-1E4D-449E-AB20-D622A411C961}.Debug|Any CPU.Build.0 = Debug|Any CPU
	EndGlobalSection
	GlobalSection(SolutionProperties) = preSolution
		HideSolutionNode = FALSE
	EndGlobalSection
	GlobalSection(ExtensibilityGlobals) = postSolution
		SolutionGuid = {06A0B5B3-843F-4F79-A8D3-A73B709A12E4}
	EndGlobalSection
EndGlobal
